# THIS IS AN AUTOGENERATED FILE. DO NOT EDIT THIS FILE DIRECTLY.
# yarn lockfile v1


nested-object-assign@^1.0.3:
  version "1.0.3"
  resolved "https://registry.yarnpkg.com/nested-object-assign/-/nested-object-assign-1.0.3.tgz#5aca69390d9affe5a612152b5f0843ae399ac597"
  integrity sha512-kgq1CuvLyUcbcIuTiCA93cQ2IJFSlRwXcN+hLcb2qLJwC2qrePHGZZa7IipyWqaWF6tQjdax2pQnVxdq19Zzwg==
